lockfileVersion: '9.0'

settings:
  autoInstallPeers: true
  excludeLinksFromLockfile: false

importers:

  .:
    devDependencies:
      csvtojson:
        specifier: ^2.0.10
        version: 2.0.14
      pako:
        specifier: ^2.0.2
        version: 2.1.0

packages:

  csvtojson@2.0.14:
    resolution: {integrity: sha512-F7NNvhhDyob7OsuEGRsH0FM1aqLs/WYITyza3l+hTEEmOK9sGPBlYQZwlVG0ezCojXYpE17lhS5qL6BCOZSPyA==}
    engines: {node: '>=8.0.0'}
    hasBin: true

  lodash@4.18.1:
    resolution: {integrity: sha512-dMInicTPVE8d1e5otfwmmjlxkZoUpiVLwyeTdUsi/Caj/gfzzblBcCE5sRHV/AsjuCmxWrte2TNGSYuCeCq+0Q==}

  pako@2.1.0:
    resolution: {integrity: sha512-w+eufiZ1WuJYgPXbV/PO3NCMEc3xqylkKHzp8bxp1uW4qaSNQUkwmLLEc3kKsfz8lpV1F8Ht3U1Cm+9Srog2ug==}

snapshots:

  csvtojson@2.0.14:
    dependencies:
      lodash: 4.18.1

  lodash@4.18.1: {}

  pako@2.1.0: {}
